
Microsoft Visual Studio Solution File, Format Version 12.00
# Visual Studio Version 17
VisualStudioVersion = 17.7.34031.279
MinimumVisualStudioVersion = 10.0.40219.1
Project("{FAE04EC0-301F-11D3-BF4B-00C04F79EFBC}") = "SerilogDemo", "SerilogDemo\SerilogDemo.csproj", "{21B79D7E-9A4A-4534-92F3-225B6F9B21DB}"
EndProject
Global
	GlobalSection(SolutionConfigurationPlatforms) = preSolution
		Debug|Any CPU = Debug|Any CPU
		Release|Any CPU = Release|Any CPU
	EndGlobalSection
	GlobalSection(ProjectConfigurationPlatforms) = postSolution
		{21B79D7E-9A4A-4534-92F3-225B6F9B21DB}.Debug|Any CPU.ActiveCfg = Debug|Any CPU
		{21B79D7E-9A4A-4534-92F3-225B6F9B21DB}.Debug|Any CPU.Build.0 = Debug|Any CPU
		{21B79D7E-9A4A-4534-92F3-225B6F9B21DB}.Release|Any CPU.ActiveCfg = Release|Any CPU
		{21B79D7E-9A4A-4534-92F3-225B6F9B21DB}.Release|Any CPU.Build.0 = Release|Any CPU
	EndGlobalSection
	GlobalSection(SolutionProperties) = preSolution
		HideSolutionNode = FALSE
	EndGlobalSection
	GlobalSection(ExtensibilityGlobals) = postSolution
		SolutionGuid = {3A43C876-6EEF-4A92-93BC-9F9A7D03C9AF}
	EndGlobalSection
EndGlobal
